
Microsoft Visual Studio Solution File, Format Version 12.00
# Visual Studio Version 17
VisualStudioVersion = 17.4.33403.182
MinimumVisualStudioVersion = 10.0.40219.1
Project("{FAE04EC0-301F-11D3-BF4B-00C04F79EFBC}") = "ProjectUI", "ProjectUI\ProjectUI.csproj", "{820D1AAF-90D7-4A27-85D4-1C18C455A7AA}"
EndProject
Project("{FAE04EC0-301F-11D3-BF4B-00C04F79EFBC}") = "ProjectDal", "ProjectDal\ProjectDal.csproj", "{61446B11-ADB4-4838-9797-4CEE444492FC}"
EndProject
Project("{FAE04EC0-301F-11D3-BF4B-00C04F79EFBC}") = "ProjectSQLLayer", "ProjectSQLLayer\ProjectSQLLayer.csproj", "{88A6ACA0-D01A-4A80-B375-1BC3465D181C}"
EndProject
Project("{FAE04EC0-301F-11D3-BF4B-00C04F79EFBC}") = "ProjectModel", "ProjectModel\ProjectModel.csproj", "{5C77B8A1-981E-4677-9632-9B4C85904AE8}"
EndProject
Project("{FAE04EC0-301F-11D3-BF4B-00C04F79EFBC}") = "ProjectEntities", "ProjectEntities\ProjectEntities.csproj", "{BC949026-6A93-4336-B8C6-E657A75322F2}"
EndProject
Global
	GlobalSection(SolutionConfigurationPlatforms) = preSolution
		Debug|Any CPU = Debug|Any CPU
		Release|Any CPU = Release|Any CPU
	EndGlobalSection
	GlobalSection(ProjectConfigurationPlatforms) = postSolution
		{820D1AAF-90D7-4A27-85D4-1C18C455A7AA}.Debug|Any CPU.ActiveCfg = Debug|Any CPU
		{820D1AAF-90D7-4A27-85D4-1C18C455A7AA}.Debug|Any CPU.Build.0 = Debug|Any CPU
		{820D1AAF-90D7-4A27-85D4-1C18C455A7AA}.Release|Any CPU.ActiveCfg = Release|Any CPU
		{820D1AAF-90D7-4A27-85D4-1C18C455A7AA}.Release|Any CPU.Build.0 = Release|Any CPU
		{61446B11-ADB4-4838-9797-4CEE444492FC}.Debug|Any CPU.ActiveCfg = Debug|Any CPU
		{61446B11-ADB4-4838-9797-4CEE444492FC}.Debug|Any CPU.Build.0 = Debug|Any CPU
		{61446B11-ADB4-4838-9797-4CEE444492FC}.Release|Any CPU.ActiveCfg = Release|Any CPU
		{61446B11-ADB4-4838-9797-4CEE444492FC}.Release|Any CPU.Build.0 = Release|Any CPU
		{88A6ACA0-D01A-4A80-B375-1BC3465D181C}.Debug|Any CPU.ActiveCfg = Debug|Any CPU
		{88A6ACA0-D01A-4A80-B375-1BC3465D181C}.Debug|Any CPU.Build.0 = Debug|Any CPU
		{88A6ACA0-D01A-4A80-B375-1BC3465D181C}.Release|Any CPU.ActiveCfg = Release|Any CPU
		{88A6ACA0-D01A-4A80-B375-1BC3465D181C}.Release|Any CPU.Build.0 = Release|Any CPU
		{5C77B8A1-981E-4677-9632-9B4C85904AE8}.Debug|Any CPU.ActiveCfg = Debug|Any CPU
		{5C77B8A1-981E-4677-9632-9B4C85904AE8}.Debug|Any CPU.Build.0 = Debug|Any CPU
		{5C77B8A1-981E-4677-9632-9B4C85904AE8}.Release|Any CPU.ActiveCfg = Release|Any CPU
		{5C77B8A1-981E-4677-9632-9B4C85904AE8}.Release|Any CPU.Build.0 = Release|Any CPU
		{BC949026-6A93-4336-B8C6-E657A75322F2}.Debug|Any CPU.ActiveCfg = Debug|Any CPU
		{BC949026-6A93-4336-B8C6-E657A75322F2}.Debug|Any CPU.Build.0 = Debug|Any CPU
		{BC949026-6A93-4336-B8C6-E657A75322F2}.Release|Any CPU.ActiveCfg = Release|Any CPU
		{BC949026-6A93-4336-B8C6-E657A75322F2}.Release|Any CPU.Build.0 = Release|Any CPU
	EndGlobalSection
	GlobalSection(SolutionProperties) = preSolution
		HideSolutionNode = FALSE
	EndGlobalSection
	GlobalSection(ExtensibilityGlobals) = postSolution
		SolutionGuid = {8659128B-0412-4946-9A8E-2CE7B5BD5C73}
	EndGlobalSection
EndGlobal
